// !$*UTF8*$!
{
	archiveVersion = 1;
	classes = {
	};
	objectVersion = 56;
	objects = {

/* Begin PBXBuildFile section */
		860736D429E3D3A700866FCD /* SettingsView.swift in Sources */ = {isa = PBXBuildFile; fileRef = 860736D329E3D3A700866FCD /* SettingsView.swift */; };
		860736D629E464BC00866FCD /* PlayerGameHistoryView.swift in Sources */ = {isa = PBXBuildFile; fileRef = 860736D529E464BC00866FCD /* PlayerGameHistoryView.swift */; };
		860736DA29E4904800866FCD /* ManagePlayersView.swift in Sources */ = {isa = PBXBuildFile; fileRef = 860736D929E4904800866FCD /* ManagePlayersView.swift */; };
		860736DC29E4908000866FCD /* Manage GameSessionsView.swift in Sources */ = {isa = PBXBuildFile; fileRef = 860736DB29E4908000866FCD /* Manage GameSessionsView.swift */; };
		860736DE29E4A78F00866FCD /* PlayerDetailView.swift in Sources */ = {isa = PBXBuildFile; fileRef = 860736DD29E4A78F00866FCD /* PlayerDetailView.swift */; };
		860736E029E4DA9300866FCD /* FastScrollerView.swift in Sources */ = {isa = PBXBuildFile; fileRef = 860736DF29E4DA9300866FCD /* FastScrollerView.swift */; };
		861F1F7129E3065E009C8648 /* ScoreboardApp.swift in Sources */ = {isa = PBXBuildFile; fileRef = 861F1F7029E3065E009C8648 /* ScoreboardApp.swift */; };
		861F1F7329E3065E009C8648 /* ContentView.swift in Sources */ = {isa = PBXBuildFile; fileRef = 861F1F7229E3065E009C8648 /* ContentView.swift */; };
		861F1F7529E30667009C8648 /* Assets.xcassets in Resources */ = {isa = PBXBuildFile; fileRef = 861F1F7429E30667009C8648 /* Assets.xcassets */; };
		861F1F8229E30667009C8648 /* ScoreboardTests.swift in Sources */ = {isa = PBXBuildFile; fileRef = 861F1F8129E30667009C8648 /* ScoreboardTests.swift */; };
		861F1F8C29E30667009C8648 /* ScoreboardUITests.swift in Sources */ = {isa = PBXBuildFile; fileRef = 861F1F8B29E30667009C8648 /* ScoreboardUITests.swift */; };
		861F1F8E29E30667009C8648 /* ScoreboardUITestsLaunchTests.swift in Sources */ = {isa = PBXBuildFile; fileRef = 861F1F8D29E30667009C8648 /* ScoreboardUITestsLaunchTests.swift */; };
		861F1F9D29E307FC009C8648 /* AddGameView.swift in Sources */ = {isa = PBXBuildFile; fileRef = 861F1F9C29E307FC009C8648 /* AddGameView.swift */; };
		861F1FA129E3081D009C8648 /* Models.swift in Sources */ = {isa = PBXBuildFile; fileRef = 861F1FA029E3081D009C8648 /* Models.swift */; };
		861F1FA429E3084F009C8648 /* AddPlayerView.swift in Sources */ = {isa = PBXBuildFile; fileRef = 861F1FA329E3084F009C8648 /* AddPlayerView.swift */; };
		861F1FA629E31325009C8648 /* ScoreboardData.swift in Sources */ = {isa = PBXBuildFile; fileRef = 861F1FA529E31325009C8648 /* ScoreboardData.swift */; };
		86DC0B2929E32DA000D5A4B6 /* Assets.xcassets in Resources */ = {isa = PBXBuildFile; fileRef = 861F1F7429E30667009C8648 /* Assets.xcassets */; };
		86DC0B2A29E32DA100D5A4B6 /* Assets.xcassets in Resources */ = {isa = PBXBuildFile; fileRef = 861F1F7429E30667009C8648 /* Assets.xcassets */; };
/* End PBXBuildFile section */

/* Begin PBXContainerItemProxy section */
		861F1F7E29E30667009C8648 /* PBXContainerItemProxy */ = {
			isa = PBXContainerItemProxy;
			containerPortal = 861F1F6529E3065E009C8648 /* Project object */;
			proxyType = 1;
			remoteGlobalIDString = 861F1F6C29E3065E009C8648;
			remoteInfo = Scoreboard;
		};
		861F1F8829E30667009C8648 /* PBXContainerItemProxy */ = {
			isa = PBXContainerItemProxy;
			containerPortal = 861F1F6529E3065E009C8648 /* Project object */;
			proxyType = 1;
			remoteGlobalIDString = 861F1F6C29E3065E009C8648;
			remoteInfo = Scoreboard;
		};
/* End PBXContainerItemProxy section */

/* Begin PBXFileReference section */
		860736D329E3D3A700866FCD /* SettingsView.swift */ = {isa = PBXFileReference; lastKnownFileType = sourcecode.swift; path = SettingsView.swift; sourceTree = "<group>"; };
		860736D529E464BC00866FCD /* PlayerGameHistoryView.swift */ = {isa = PBXFileReference; lastKnownFileType = sourcecode.swift; path = PlayerGameHistoryView.swift; sourceTree = "<group>"; };
		860736D929E4904800866FCD /* ManagePlayersView.swift */ = {isa = PBXFileReference; lastKnownFileType = sourcecode.swift; path = ManagePlayersView.swift; sourceTree = "<group>"; };
		860736DB29E4908000866FCD /* Manage GameSessionsView.swift */ = {isa = PBXFileReference; lastKnownFileType = sourcecode.swift; path = "Manage GameSessionsView.swift"; sourceTree = "<group>"; };
		860736DD29E4A78F00866FCD /* PlayerDetailView.swift */ = {isa = PBXFileReference; lastKnownFileType = sourcecode.swift; path = PlayerDetailView.swift; sourceTree = "<group>"; };
		860736DF29E4DA9300866FCD /* FastScrollerView.swift */ = {isa = PBXFileReference; lastKnownFileType = sourcecode.swift; path = FastScrollerView.swift; sourceTree = "<group>"; };
		861F1F6D29E3065E009C8648 /* Scoreboard.app */ = {isa = PBXFileReference; explicitFileType = wrapper.application; includeInIndex = 0; path = Scoreboard.app; sourceTree = BUILT_PRODUCTS_DIR; };
		861F1F7029E3065E009C8648 /* ScoreboardApp.swift */ = {isa = PBXFileReference; lastKnownFileType = sourcecode.swift; path = ScoreboardApp.swift; sourceTree = "<group>"; };
		861F1F7229E3065E009C8648 /* ContentView.swift */ = {isa = PBXFileReference; lastKnownFileType = sourcecode.swift; path = ContentView.swift; sourceTree = "<group>"; };
		861F1F7429E30667009C8648 /* Assets.xcassets */ = {isa = PBXFileReference; lastKnownFileType = folder.assetcatalog; path = Assets.xcassets; sourceTree = "<group>"; };
		861F1F7729E30667009C8648 /* Preview Assets.xcassets */ = {isa = PBXFileReference; lastKnownFileType = folder.assetcatalog; path = "Preview Assets.xcassets"; sourceTree = "<group>"; };
		861F1F7D29E30667009C8648 /* ScoreboardTests.xctest */ = {isa = PBXFileReference; explicitFileType = wrapper.cfbundle; includeInIndex = 0; path = ScoreboardTests.xctest; sourceTree = BUILT_PRODUCTS_DIR; };
		861F1F8129E30667009C8648 /* ScoreboardTests.swift */ = {isa = PBXFileReference; lastKnownFileType = sourcecode.swift; path = ScoreboardTests.swift; sourceTree = "<group>"; };
		861F1F8729E30667009C8648 /* ScoreboardUITests.xctest */ = {isa = PBXFileReference; explicitFileType = wrapper.cfbundle; includeInIndex = 0; path = ScoreboardUITests.xctest; sourceTree = BUILT_PRODUCTS_DIR; };
		861F1F8B29E30667009C8648 /* ScoreboardUITests.swift */ = {isa = PBXFileReference; lastKnownFileType = sourcecode.swift; path = ScoreboardUITests.swift; sourceTree = "<group>"; };
		861F1F8D29E30667009C8648 /* ScoreboardUITestsLaunchTests.swift */ = {isa = PBXFileReference; lastKnownFileType = sourcecode.swift; path = ScoreboardUITestsLaunchTests.swift; sourceTree = "<group>"; };
		861F1F9C29E307FC009C8648 /* AddGameView.swift */ = {isa = PBXFileReference; lastKnownFileType = sourcecode.swift; path = AddGameView.swift; sourceTree = "<group>"; };
		861F1FA029E3081D009C8648 /* Models.swift */ = {isa = PBXFileReference; lastKnownFileType = sourcecode.swift; path = Models.swift; sourceTree = "<group>"; };
		861F1FA329E3084F009C8648 /* AddPlayerView.swift */ = {isa = PBXFileReference; lastKnownFileType = sourcecode.swift; path = AddPlayerView.swift; sourceTree = "<group>"; };
		861F1FA529E31325009C8648 /* ScoreboardData.swift */ = {isa = PBXFileReference; lastKnownFileType = sourcecode.swift; path = ScoreboardData.swift; sourceTree = "<group>"; };
		86DC0B2129E32B9000D5A4B6 /* boardgame.imageset */ = {isa = PBXFileReference; lastKnownFileType = folder; name = boardgame.imageset; path = Scoreboard/Assets.xcassets/boardgame.imageset; sourceTree = "<group>"; };
		86DC0B2429E32BAB00D5A4B6 /* boardgame2.png */ = {isa = PBXFileReference; lastKnownFileType = image.png; path = boardgame2.png; sourceTree = "<group>"; };
		86DC0B2529E32BAB00D5A4B6 /* boardgame2 1.png */ = {isa = PBXFileReference; lastKnownFileType = image.png; path = "boardgame2 1.png"; sourceTree = "<group>"; };
		86DC0B2629E32BAB00D5A4B6 /* Contents.json */ = {isa = PBXFileReference; lastKnownFileType = text.json; path = Contents.json; sourceTree = "<group>"; };
		86DC0B2729E32BAB00D5A4B6 /* boardgame2 2.png */ = {isa = PBXFileReference; lastKnownFileType = image.png; path = "boardgame2 2.png"; sourceTree = "<group>"; };
		9566398529E627950024EC9E /* ViewExtensions.swift */ = {isa = PBXFileReference; lastKnownFileType = sourcecode.swift; path = ViewExtensions.swift; sourceTree = "<group>"; };
/* End PBXFileReference section */

/* Begin PBXFrameworksBuildPhase section */
		861F1F6A29E3065E009C8648 /* Frameworks */ = {
			isa = PBXFrameworksBuildPhase;
			buildActionMask = 2147483647;
			files = (
			);
			runOnlyForDeploymentPostprocessing = 0;
		};
		861F1F7A29E30667009C8648 /* Frameworks */ = {
			isa = PBXFrameworksBuildPhase;
			buildActionMask = 2147483647;
			files = (
			);
			runOnlyForDeploymentPostprocessing = 0;
		};
		861F1F8429E30667009C8648 /* Frameworks */ = {
			isa = PBXFrameworksBuildPhase;
			buildActionMask = 2147483647;
			files = (
			);
			runOnlyForDeploymentPostprocessing = 0;
		};
/* End PBXFrameworksBuildPhase section */

/* Begin PBXGroup section */
		861F1F6429E3065E009C8648 = {
			isa = PBXGroup;
			children = (
				9566398529E627950024EC9E /* ViewExtensions.swift */,
				86DC0B2329E32BAB00D5A4B6 /* background.imageset */,
				86DC0B2129E32B9000D5A4B6 /* boardgame.imageset */,
				861F1F6F29E3065E009C8648 /* Scoreboard */,
				861F1F8029E30667009C8648 /* ScoreboardTests */,
				861F1F8A29E30667009C8648 /* ScoreboardUITests */,
				861F1F6E29E3065E009C8648 /* Products */,
			);
			sourceTree = "<group>";
		};
		861F1F6E29E3065E009C8648 /* Products */ = {
			isa = PBXGroup;
			children = (
				861F1F6D29E3065E009C8648 /* Scoreboard.app */,
				861F1F7D29E30667009C8648 /* ScoreboardTests.xctest */,
				861F1F8729E30667009C8648 /* ScoreboardUITests.xctest */,
			);
			name = Products;
			sourceTree = "<group>";
		};
		861F1F6F29E3065E009C8648 /* Scoreboard */ = {
			isa = PBXGroup;
			children = (
				861F1FA029E3081D009C8648 /* Models.swift */,
				861F1F7029E3065E009C8648 /* ScoreboardApp.swift */,
				861F1F7229E3065E009C8648 /* ContentView.swift */,
				861F1F7429E30667009C8648 /* Assets.xcassets */,
				861F1F7629E30667009C8648 /* Preview Content */,
				861F1F9C29E307FC009C8648 /* AddGameView.swift */,
				861F1FA329E3084F009C8648 /* AddPlayerView.swift */,
				861F1FA529E31325009C8648 /* ScoreboardData.swift */,
				860736D329E3D3A700866FCD /* SettingsView.swift */,
				860736D529E464BC00866FCD /* PlayerGameHistoryView.swift */,
				860736DD29E4A78F00866FCD /* PlayerDetailView.swift */,
				860736D929E4904800866FCD /* ManagePlayersView.swift */,
				860736DB29E4908000866FCD /* Manage GameSessionsView.swift */,
				860736DF29E4DA9300866FCD /* FastScrollerView.swift */,
			);
			path = Scoreboard;
			sourceTree = "<group>";
		};
		861F1F7629E30667009C8648 /* Preview Content */ = {
			isa = PBXGroup;
			children = (
				861F1F7729E30667009C8648 /* Preview Assets.xcassets */,
			);
			path = "Preview Content";
			sourceTree = "<group>";
		};
		861F1F8029E30667009C8648 /* ScoreboardTests */ = {
			isa = PBXGroup;
			children = (
				861F1F8129E30667009C8648 /* ScoreboardTests.swift */,
			);
			path = ScoreboardTests;
			sourceTree = "<group>";
		};
		861F1F8A29E30667009C8648 /* ScoreboardUITests */ = {
			isa = PBXGroup;
			children = (
				861F1F8B29E30667009C8648 /* ScoreboardUITests.swift */,
				861F1F8D29E30667009C8648 /* ScoreboardUITestsLaunchTests.swift */,
			);
			path = ScoreboardUITests;
			sourceTree = "<group>";
		};
		86DC0B2329E32BAB00D5A4B6 /* background.imageset */ = {
			isa = PBXGroup;
			children = (
				86DC0B2429E32BAB00D5A4B6 /* boardgame2.png */,
				86DC0B2529E32BAB00D5A4B6 /* boardgame2 1.png */,
				86DC0B2629E32BAB00D5A4B6 /* Contents.json */,
				86DC0B2729E32BAB00D5A4B6 /* boardgame2 2.png */,
			);
			name = background.imageset;
			path = Scoreboard/Assets.xcassets/background.imageset;
			sourceTree = "<group>";
		};
/* End PBXGroup section */

/* Begin PBXNativeTarget section */
		861F1F6C29E3065E009C8648 /* Scoreboard */ = {
			isa = PBXNativeTarget;
			buildConfigurationList = 861F1F9129E30667009C8648 /* Build configuration list for PBXNativeTarget "Scoreboard" */;
			buildPhases = (
				861F1F6929E3065E009C8648 /* Sources */,
				861F1F6A29E3065E009C8648 /* Frameworks */,
				861F1F6B29E3065E009C8648 /* Resources */,
			);
			buildRules = (
			);
			dependencies = (
			);
			name = Scoreboard;
			productName = Scoreboard;
			productReference = 861F1F6D29E3065E009C8648 /* Scoreboard.app */;
			productType = "com.apple.product-type.application";
		};
		861F1F7C29E30667009C8648 /* ScoreboardTests */ = {
			isa = PBXNativeTarget;
			buildConfigurationList = 861F1F9429E30667009C8648 /* Build configuration list for PBXNativeTarget "ScoreboardTests" */;
			buildPhases = (
				861F1F7929E30667009C8648 /* Sources */,
				861F1F7A29E30667009C8648 /* Frameworks */,
				861F1F7B29E30667009C8648 /* Resources */,
			);
			buildRules = (
			);
			dependencies = (
				861F1F7F29E30667009C8648 /* PBXTargetDependency */,
			);
			name = ScoreboardTests;
			productName = ScoreboardTests;
			productReference = 861F1F7D29E30667009C8648 /* ScoreboardTests.xctest */;
			productType = "com.apple.product-type.bundle.unit-test";
		};
		861F1F8629E30667009C8648 /* ScoreboardUITests */ = {
			isa = PBXNativeTarget;
			buildConfigurationList = 861F1F9729E30667009C8648 /* Build configuration list for PBXNativeTarget "ScoreboardUITests" */;
			buildPhases = (
				861F1F8329E30667009C8648 /* Sources */,
				861F1F8429E30667009C8648 /* Frameworks */,
				861F1F8529E30667009C8648 /* Resources */,
			);
			buildRules = (
			);
			dependencies = (
				861F1F8929E30667009C8648 /* PBXTargetDependency */,
			);
			name = ScoreboardUITests;
			productName = ScoreboardUITests;
			productReference = 861F1F8729E30667009C8648 /* ScoreboardUITests.xctest */;
			productType = "com.apple.product-type.bundle.ui-testing";
		};
/* End PBXNativeTarget section */

/* Begin PBXProject section */
		861F1F6529E3065E009C8648 /* Project object */ = {
			isa = PBXProject;
			attributes = {
				BuildIndependentTargetsInParallel = 1;
				LastSwiftUpdateCheck = 1420;
				LastUpgradeCheck = 1420;
				TargetAttributes = {
					861F1F6C29E3065E009C8648 = {
						CreatedOnToolsVersion = 14.2;
					};
					861F1F7C29E30667009C8648 = {
						CreatedOnToolsVersion = 14.2;
						TestTargetID = 861F1F6C29E3065E009C8648;
					};
					861F1F8629E30667009C8648 = {
						CreatedOnToolsVersion = 14.2;
						TestTargetID = 861F1F6C29E3065E009C8648;
					};
				};
			};
			buildConfigurationList = 861F1F6829E3065E009C8648 /* Build configuration list for PBXProject "Scoreboard" */;
			compatibilityVersion = "Xcode 14.0";
			developmentRegion = en;
			hasScannedForEncodings = 0;
			knownRegions = (
				en,
				Base,
			);
			mainGroup = 861F1F6429E3065E009C8648;
			productRefGroup = 861F1F6E29E3065E009C8648 /* Products */;
			projectDirPath = "";
			projectRoot = "";
			targets = (
				861F1F6C29E3065E009C8648 /* Scoreboard */,
				861F1F7C29E30667009C8648 /* ScoreboardTests */,
				861F1F8629E30667009C8648 /* ScoreboardUITests */,
			);
		};
/* End PBXProject section */

/* Begin PBXResourcesBuildPhase section */
		861F1F6B29E3065E009C8648 /* Resources */ = {
			isa = PBXResourcesBuildPhase;
			buildActionMask = 2147483647;
			files = (
				861F1F7529E30667009C8648 /* Assets.xcassets in Resources */,
			);
			runOnlyForDeploymentPostprocessing = 0;
		};
		861F1F7B29E30667009C8648 /* Resources */ = {
			isa = PBXResourcesBuildPhase;
			buildActionMask = 2147483647;
			files = (
				86DC0B2929E32DA000D5A4B6 /* Assets.xcassets in Resources */,
			);
			runOnlyForDeploymentPostprocessing = 0;
		};
		861F1F8529E30667009C8648 /* Resources */ = {
			isa = PBXResourcesBuildPhase;
			buildActionMask = 2147483647;
			files = (
				86DC0B2A29E32DA100D5A4B6 /* Assets.xcassets in Resources */,
			);
			runOnlyForDeploymentPostprocessing = 0;
		};
/* End PBXResourcesBuildPhase section */

/* Begin PBXSourcesBuildPhase section */
		861F1F6929E3065E009C8648 /* Sources */ = {
			isa = PBXSourcesBuildPhase;
			buildActionMask = 2147483647;
			files = (
				860736D629E464BC00866FCD /* PlayerGameHistoryView.swift in Sources */,
				861F1FA429E3084F009C8648 /* AddPlayerView.swift in Sources */,
				860736D429E3D3A700866FCD /* SettingsView.swift in Sources */,
				861F1FA629E31325009C8648 /* ScoreboardData.swift in Sources */,
				860736E029E4DA9300866FCD /* FastScrollerView.swift in Sources */,
				860736DE29E4A78F00866FCD /* PlayerDetailView.swift in Sources */,
				860736DA29E4904800866FCD /* ManagePlayersView.swift in Sources */,
				860736DC29E4908000866FCD /* Manage GameSessionsView.swift in Sources */,
				861F1F9D29E307FC009C8648 /* AddGameView.swift in Sources */,
				861F1F7329E3065E009C8648 /* ContentView.swift in Sources */,
				861F1F7129E3065E009C8648 /* ScoreboardApp.swift in Sources */,
				861F1FA129E3081D009C8648 /* Models.swift in Sources */,
			);
			runOnlyForDeploymentPostprocessing = 0;
		};
		861F1F7929E30667009C8648 /* Sources */ = {
			isa = PBXSourcesBuildPhase;
			buildActionMask = 2147483647;
			files = (
				861F1F8229E30667009C8648 /* ScoreboardTests.swift in Sources */,
			);
			runOnlyForDeploymentPostprocessing = 0;
		};
		861F1F8329E30667009C8648 /* Sources */ = {
			isa = PBXSourcesBuildPhase;
			buildActionMask = 2147483647;
			files = (
				861F1F8E29E30667009C8648 /* ScoreboardUITestsLaunchTests.swift in Sources */,
				861F1F8C29E30667009C8648 /* ScoreboardUITests.swift in Sources */,
			);
			runOnlyForDeploymentPostprocessing = 0;
		};
/* End PBXSourcesBuildPhase section */

/* Begin PBXTargetDependency section */
		861F1F7F29E30667009C8648 /* PBXTargetDependency */ = {
			isa = PBXTargetDependency;
			target = 861F1F6C29E3065E009C8648 /* Scoreboard */;
			targetProxy = 861F1F7E29E30667009C8648 /* PBXContainerItemProxy */;
		};
		861F1F8929E30667009C8648 /* PBXTargetDependency */ = {
			isa = PBXTargetDependency;
			target = 861F1F6C29E3065E009C8648 /* Scoreboard */;
			targetProxy = 861F1F8829E30667009C8648 /* PBXContainerItemProxy */;
		};
/* End PBXTargetDependency section */

/* Begin XCBuildConfiguration section */
		861F1F8F29E30667009C8648 /* Debug */ = {
			isa = XCBuildConfiguration;
			buildSettings = {
				ALWAYS_SEARCH_USER_PATHS = NO;
				CLANG_ANALYZER_NONNULL = YES;
				CLANG_ANALYZER_NUMBER_OBJECT_CONVERSION = YES_AGGRESSIVE;
				CLANG_CXX_LANGUAGE_STANDARD = "gnu++20";
				CLANG_ENABLE_MODULES = YES;
				CLANG_ENABLE_OBJC_ARC = YES;
				CLANG_ENABLE_OBJC_WEAK = YES;
				CLANG_WARN_BLOCK_CAPTURE_AUTORELEASING = YES;
				CLANG_WARN_BOOL_CONVERSION = YES;
				CLANG_WARN_COMMA = YES;
				CLANG_WARN_CONSTANT_CONVERSION = YES;
				CLANG_WARN_DEPRECATED_OBJC_IMPLEMENTATIONS = YES;
				CLANG_WARN_DIRECT_OBJC_ISA_USAGE = YES_ERROR;
				CLANG_WARN_DOCUMENTATION_COMMENTS = YES;
				CLANG_WARN_EMPTY_BODY = YES;
				CLANG_WARN_ENUM_CONVERSION = YES;
				CLANG_WARN_INFINITE_RECURSION = YES;
				CLANG_WARN_INT_CONVERSION = YES;
				CLANG_WARN_NON_LITERAL_NULL_CONVERSION = YES;
				CLANG_WARN_OBJC_IMPLICIT_RETAIN_SELF = YES;
				CLANG_WARN_OBJC_LITERAL_CONVERSION = YES;
				CLANG_WARN_OBJC_ROOT_CLASS = YES_ERROR;
				CLANG_WARN_QUOTED_INCLUDE_IN_FRAMEWORK_HEADER = YES;
				CLANG_WARN_RANGE_LOOP_ANALYSIS = YES;
				CLANG_WARN_STRICT_PROTOTYPES = YES;
				CLANG_WARN_SUSPICIOUS_MOVE = YES;
				CLANG_WARN_UNGUARDED_AVAILABILITY = YES_AGGRESSIVE;
				CLANG_WARN_UNREACHABLE_CODE = YES;
				CLANG_WARN__DUPLICATE_METHOD_MATCH = YES;
				COPY_PHASE_STRIP = NO;
				DEBUG_INFORMATION_FORMAT = dwarf;
				ENABLE_STRICT_OBJC_MSGSEND = YES;
				ENABLE_TESTABILITY = YES;
				GCC_C_LANGUAGE_STANDARD = gnu11;
				GCC_DYNAMIC_NO_PIC = NO;
				GCC_NO_COMMON_BLOCKS = YES;
				GCC_OPTIMIZATION_LEVEL = 0;
				GCC_PREPROCESSOR_DEFINITIONS = (
					"DEBUG=1",
					"$(inherited)",
				);
				GCC_WARN_64_TO_32_BIT_CONVERSION = YES;
				GCC_WARN_ABOUT_RETURN_TYPE = YES_ERROR;
				GCC_WARN_UNDECLARED_SELECTOR = YES;
				GCC_WARN_UNINITIALIZED_AUTOS = YES_AGGRESSIVE;
				GCC_WARN_UNUSED_FUNCTION = YES;
				GCC_WARN_UNUSED_VARIABLE = YES;
				IPHONEOS_DEPLOYMENT_TARGET = 16.2;
				MTL_ENABLE_DEBUG_INFO = INCLUDE_SOURCE;
				MTL_FAST_MATH = YES;
				ONLY_ACTIVE_ARCH = YES;
				SDKROOT = iphoneos;
				SWIFT_ACTIVE_COMPILATION_CONDITIONS = DEBUG;
				SWIFT_OPTIMIZATION_LEVEL = "-Onone";
			};
			name = Debug;
		};
		861F1F9029E30667009C8648 /* Release */ = {
			isa = XCBuildConfiguration;
			buildSettings = {
				ALWAYS_SEARCH_USER_PATHS = NO;
				CLANG_ANALYZER_NONNULL = YES;
				CLANG_ANALYZER_NUMBER_OBJECT_CONVERSION = YES_AGGRESSIVE;
				CLANG_CXX_LANGUAGE_STANDARD = "gnu++20";
				CLANG_ENABLE_MODULES = YES;
				CLANG_ENABLE_OBJC_ARC = YES;
				CLANG_ENABLE_OBJC_WEAK = YES;
				CLANG_WARN_BLOCK_CAPTURE_AUTORELEASING = YES;
				CLANG_WARN_BOOL_CONVERSION = YES;
				CLANG_WARN_COMMA = YES;
				CLANG_WARN_CONSTANT_CONVERSION = YES;
				CLANG_WARN_DEPRECATED_OBJC_IMPLEMENTATIONS = YES;
				CLANG_WARN_DIRECT_OBJC_ISA_USAGE = YES_ERROR;
				CLANG_WARN_DOCUMENTATION_COMMENTS = YES;
				CLANG_WARN_EMPTY_BODY = YES;
				CLANG_WARN_ENUM_CONVERSION = YES;
				CLANG_WARN_INFINITE_RECURSION = YES;
				CLANG_WARN_INT_CONVERSION = YES;
				CLANG_WARN_NON_LITERAL_NULL_CONVERSION = YES;
				CLANG_WARN_OBJC_IMPLICIT_RETAIN_SELF = YES;
				CLANG_WARN_OBJC_LITERAL_CONVERSION = YES;
				CLANG_WARN_OBJC_ROOT_CLASS = YES_ERROR;
				CLANG_WARN_QUOTED_INCLUDE_IN_FRAMEWORK_HEADER = YES;
				CLANG_WARN_RANGE_LOOP_ANALYSIS = YES;
				CLANG_WARN_STRICT_PROTOTYPES = YES;
				CLANG_WARN_SUSPICIOUS_MOVE = YES;
				CLANG_WARN_UNGUARDED_AVAILABILITY = YES_AGGRESSIVE;
				CLANG_WARN_UNREACHABLE_CODE = YES;
				CLANG_WARN__DUPLICATE_METHOD_MATCH = YES;
				COPY_PHASE_STRIP = NO;
				DEBUG_INFORMATION_FORMAT = "dwarf-with-dsym";
				ENABLE_NS_ASSERTIONS = NO;
				ENABLE_STRICT_OBJC_MSGSEND = YES;
				GCC_C_LANGUAGE_STANDARD = gnu11;
				GCC_NO_COMMON_BLOCKS = YES;
				GCC_WARN_64_TO_32_BIT_CONVERSION = YES;
				GCC_WARN_ABOUT_RETURN_TYPE = YES_ERROR;
				GCC_WARN_UNDECLARED_SELECTOR = YES;
				GCC_WARN_UNINITIALIZED_AUTOS = YES_AGGRESSIVE;
				GCC_WARN_UNUSED_FUNCTION = YES;
				GCC_WARN_UNUSED_VARIABLE = YES;
				IPHONEOS_DEPLOYMENT_TARGET = 16.2;
				MTL_ENABLE_DEBUG_INFO = NO;
				MTL_FAST_MATH = YES;
				SDKROOT = iphoneos;
				SWIFT_COMPILATION_MODE = wholemodule;
				SWIFT_OPTIMIZATION_LEVEL = "-O";
				VALIDATE_PRODUCT = YES;
			};
			name = Release;
		};
		861F1F9229E30667009C8648 /* Debug */ = {
			isa = XCBuildConfiguration;
			buildSettings = {
				ASSETCATALOG_COMPILER_APPICON_NAME = AppIcon;
				ASSETCATALOG_COMPILER_GLOBAL_ACCENT_COLOR_NAME = AccentColor;
				ASSETCATALOG_COMPILER_INCLUDE_ALL_APPICON_ASSETS = YES;
				CODE_SIGN_STYLE = Automatic;
				CURRENT_PROJECT_VERSION = 1;
				DEVELOPMENT_ASSET_PATHS = "\"Scoreboard/Preview Content\"";
				DEVELOPMENT_TEAM = 6DF93UDRBJ;
				ENABLE_PREVIEWS = YES;
				GENERATE_INFOPLIST_FILE = YES;
				INFOPLIST_KEY_CFBundleDisplayName = "Friendline Boardgame Scores";
				INFOPLIST_KEY_LSApplicationCategoryType = "public.app-category.games";
				INFOPLIST_KEY_UIApplicationSceneManifest_Generation = YES;
				INFOPLIST_KEY_UIApplicationSupportsIndirectInputEvents = YES;
				INFOPLIST_KEY_UILaunchScreen_Generation = YES;
				INFOPLIST_KEY_UISupportedInterfaceOrientations_iPad = "UIInterfaceOrientationPortrait UIInterfaceOrientationPortraitUpsideDown UIInterfaceOrientationLandscapeLeft UIInterfaceOrientationLandscapeRight";
				INFOPLIST_KEY_UISupportedInterfaceOrientations_iPhone = "UIInterfaceOrientationPortrait UIInterfaceOrientationLandscapeLeft UIInterfaceOrientationLandscapeRight";
				LD_RUNPATH_SEARCH_PATHS = (
					"$(inherited)",
					"@executable_path/Frameworks",
				);
				MARKETING_VERSION = 1.0;
				PRODUCT_BUNDLE_IDENTIFIER = com.friendlyboardgamesscoring;
				PRODUCT_NAME = "$(TARGET_NAME)";
				SUPPORTED_PLATFORMS = "iphoneos iphonesimulator";
				SUPPORTS_MACCATALYST = NO;
				SUPPORTS_MAC_DESIGNED_FOR_IPHONE_IPAD = NO;
				SWIFT_EMIT_LOC_STRINGS = YES;
				SWIFT_VERSION = 5.0;
				TARGETED_DEVICE_FAMILY = 1;
			};
			name = Debug;
		};
		861F1F9329E30667009C8648 /* Release */ = {
			isa = XCBuildConfiguration;
			buildSettings = {
				ASSETCATALOG_COMPILER_APPICON_NAME = AppIcon;
				ASSETCATALOG_COMPILER_GLOBAL_ACCENT_COLOR_NAME = AccentColor;
				ASSETCATALOG_COMPILER_INCLUDE_ALL_APPICON_ASSETS = YES;
				CODE_SIGN_STYLE = Automatic;
				CURRENT_PROJECT_VERSION = 1;
				DEVELOPMENT_ASSET_PATHS = "\"Scoreboard/Preview Content\"";
				DEVELOPMENT_TEAM = 6DF93UDRBJ;
				ENABLE_PREVIEWS = YES;
				GENERATE_INFOPLIST_FILE = YES;
				INFOPLIST_KEY_CFBundleDisplayName = "Friendline Boardgame Scores";
				INFOPLIST_KEY_LSApplicationCategoryType = "public.app-category.games";
				INFOPLIST_KEY_UIApplicationSceneManifest_Generation = YES;
				INFOPLIST_KEY_UIApplicationSupportsIndirectInputEvents = YES;
				INFOPLIST_KEY_UILaunchScreen_Generation = YES;
				INFOPLIST_KEY_UISupportedInterfaceOrientations_iPad = "UIInterfaceOrientationPortrait UIInterfaceOrientationPortraitUpsideDown UIInterfaceOrientationLandscapeLeft UIInterfaceOrientationLandscapeRight";
				INFOPLIST_KEY_UISupportedInterfaceOrientations_iPhone = "UIInterfaceOrientationPortrait UIInterfaceOrientationLandscapeLeft UIInterfaceOrientationLandscapeRight";
				LD_RUNPATH_SEARCH_PATHS = (
					"$(inherited)",
					"@executable_path/Frameworks",
				);
				MARKETING_VERSION = 1.0;
				PRODUCT_BUNDLE_IDENTIFIER = com.friendlyboardgamesscoring;
				PRODUCT_NAME = "$(TARGET_NAME)";
				SUPPORTED_PLATFORMS = "iphoneos iphonesimulator";
				SUPPORTS_MACCATALYST = NO;
				SUPPORTS_MAC_DESIGNED_FOR_IPHONE_IPAD = NO;
				SWIFT_EMIT_LOC_STRINGS = YES;
				SWIFT_VERSION = 5.0;
				TARGETED_DEVICE_FAMILY = 1;
			};
			name = Release;
		};
		861F1F9529E30667009C8648 /* Debug */ = {
			isa = XCBuildConfiguration;
			buildSettings = {
				ALWAYS_EMBED_SWIFT_STANDARD_LIBRARIES = YES;
				BUNDLE_LOADER = "$(TEST_HOST)";
				CODE_SIGN_STYLE = Automatic;
				CURRENT_PROJECT_VERSION = 1;
				DEVELOPMENT_TEAM = 6DF93UDRBJ;
				GENERATE_INFOPLIST_FILE = YES;
				IPHONEOS_DEPLOYMENT_TARGET = 16.2;
				MARKETING_VERSION = 1.0;
				PRODUCT_BUNDLE_IDENTIFIER = com.Scoreboard.ScoreboardTests;
				PRODUCT_NAME = "$(TARGET_NAME)";
				SWIFT_EMIT_LOC_STRINGS = NO;
				SWIFT_VERSION = 5.0;
				TARGETED_DEVICE_FAMILY = "1,2";
				TEST_HOST = "$(BUILT_PRODUCTS_DIR)/Scoreboard.app/$(BUNDLE_EXECUTABLE_FOLDER_PATH)/Scoreboard";
			};
			name = Debug;
		};
		861F1F9629E30667009C8648 /* Release */ = {
			isa = XCBuildConfiguration;
			buildSettings = {
				ALWAYS_EMBED_SWIFT_STANDARD_LIBRARIES = YES;
				BUNDLE_LOADER = "$(TEST_HOST)";
				CODE_SIGN_STYLE = Automatic;
				CURRENT_PROJECT_VERSION = 1;
				DEVELOPMENT_TEAM = 6DF93UDRBJ;
				GENERATE_INFOPLIST_FILE = YES;
				IPHONEOS_DEPLOYMENT_TARGET = 16.2;
				MARKETING_VERSION = 1.0;
				PRODUCT_BUNDLE_IDENTIFIER = com.Scoreboard.ScoreboardTests;
				PRODUCT_NAME = "$(TARGET_NAME)";
				SWIFT_EMIT_LOC_STRINGS = NO;
				SWIFT_VERSION = 5.0;
				TARGETED_DEVICE_FAMILY = "1,2";
				TEST_HOST = "$(BUILT_PRODUCTS_DIR)/Scoreboard.app/$(BUNDLE_EXECUTABLE_FOLDER_PATH)/Scoreboard";
			};
			name = Release;
		};
		861F1F9829E30667009C8648 /* Debug */ = {
			isa = XCBuildConfiguration;
			buildSettings = {
				ALWAYS_EMBED_SWIFT_STANDARD_LIBRARIES = YES;
				CODE_SIGN_STYLE = Automatic;
				CURRENT_PROJECT_VERSION = 1;
				DEVELOPMENT_TEAM = 6DF93UDRBJ;
				GENERATE_INFOPLIST_FILE = YES;
				MARKETING_VERSION = 1.0;
				PRODUCT_BUNDLE_IDENTIFIER = com.Scoreboard.ScoreboardUITests;
				PRODUCT_NAME = "$(TARGET_NAME)";
				SWIFT_EMIT_LOC_STRINGS = NO;
				SWIFT_VERSION = 5.0;
				TARGETED_DEVICE_FAMILY = "1,2";
				TEST_TARGET_NAME = Scoreboard;
			};
			name = Debug;
		};
		861F1F9929E30667009C8648 /* Release */ = {
			isa = XCBuildConfiguration;
			buildSettings = {
				ALWAYS_EMBED_SWIFT_STANDARD_LIBRARIES = YES;
				CODE_SIGN_STYLE = Automatic;
				CURRENT_PROJECT_VERSION = 1;
				DEVELOPMENT_TEAM = 6DF93UDRBJ;
				GENERATE_INFOPLIST_FILE = YES;
				MARKETING_VERSION = 1.0;
				PRODUCT_BUNDLE_IDENTIFIER = com.Scoreboard.ScoreboardUITests;
				PRODUCT_NAME = "$(TARGET_NAME)";
				SWIFT_EMIT_LOC_STRINGS = NO;
				SWIFT_VERSION = 5.0;
				TARGETED_DEVICE_FAMILY = "1,2";
				TEST_TARGET_NAME = Scoreboard;
			};
			name = Release;
		};
/* End XCBuildConfiguration section */

/* Begin XCConfigurationList section */
		861F1F6829E3065E009C8648 /* Build configuration list for PBXProject "Scoreboard" */ = {
			isa = XCConfigurationList;
			buildConfigurations = (
				861F1F8F29E30667009C8648 /* Debug */,
				861F1F9029E30667009C8648 /* Release */,
			);
			defaultConfigurationIsVisible = 0;
			defaultConfigurationName = Release;
		};
		861F1F9129E30667009C8648 /* Build configuration list for PBXNativeTarget "Scoreboard" */ = {
			isa = XCConfigurationList;
			buildConfigurations = (
				861F1F9229E30667009C8648 /* Debug */,
				861F1F9329E30667009C8648 /* Release */,
			);
			defaultConfigurationIsVisible = 0;
			defaultConfigurationName = Release;
		};
		861F1F9429E30667009C8648 /* Build configuration list for PBXNativeTarget "ScoreboardTests" */ = {
			isa = XCConfigurationList;
			buildConfigurations = (
				861F1F9529E30667009C8648 /* Debug */,
				861F1F9629E30667009C8648 /* Release */,
			);
			defaultConfigurationIsVisible = 0;
			defaultConfigurationName = Release;
		};
		861F1F9729E30667009C8648 /* Build configuration list for PBXNativeTarget "ScoreboardUITests" */ = {
			isa = XCConfigurationList;
			buildConfigurations = (
				861F1F9829E30667009C8648 /* Debug */,
				861F1F9929E30667009C8648 /* Release */,
			);
			defaultConfigurationIsVisible = 0;
			defaultConfigurationName = Release;
		};
/* End XCConfigurationList section */
	};
	rootObject = 861F1F6529E3065E009C8648 /* Project object */;
}
